
Microsoft Visual Studio Solution File, Format Version 12.00
# Visual Studio 15
VisualStudioVersion = 15.0.28307.489
MinimumVisualStudioVersion = 10.0.40219.1
Project("{FAE04EC0-301F-11D3-BF4B-00C04F79EFBC}") = "Launchbar", "Launchbar\Launchbar.csproj", "{D057789D-742A-4738-A96A-954C84D2478E}"
EndProject
Global
	GlobalSection(SolutionConfigurationPlatforms) = preSolution
		Debug|Any CPU = Debug|Any CPU
		Release|Any CPU = Release|Any CPU
	EndGlobalSection
	GlobalSection(ProjectConfigurationPlatforms) = postSolution
		{D057789D-742A-4738-A96A-954C84D2478E}.Debug|Any CPU.ActiveCfg = Debug|Any CPU
		{D057789D-742A-4738-A96A-954C84D2478E}.Debug|Any CPU.Build.0 = Debug|Any CPU
		{D057789D-742A-4738-A96A-954C84D2478E}.Release|Any CPU.ActiveCfg = Release|Any CPU
		{D057789D-742A-4738-A96A-954C84D2478E}.Release|Any CPU.Build.0 = Release|Any CPU
	EndGlobalSection
	GlobalSection(SolutionProperties) = preSolution
		HideSolutionNode = FALSE
	EndGlobalSection
	GlobalSection(ExtensibilityGlobals) = postSolution
		SolutionGuid = {C53CD7C1-6ECD-4648-BEC9-B2106234D6B9}
	EndGlobalSection
EndGlobal
